
Microsoft Visual Studio Solution File, Format Version 12.00
# Visual Studio Version 17
VisualStudioVersion = 17.11.35312.102
MinimumVisualStudioVersion = 10.0.40219.1
Project("{FAE04EC0-301F-11D3-BF4B-00C04F79EFBC}") = "DotTimeWork", "DotTimeWork\DotTimeWork.csproj", "{74D261E3-903C-4928-82FF-02ED071C44CD}"
EndProject
Global
	GlobalSection(SolutionConfigurationPlatforms) = preSolution
		Debug|Any CPU = Debug|Any CPU
		Release|Any CPU = Release|Any CPU
	EndGlobalSection
	GlobalSection(ProjectConfigurationPlatforms) = postSolution
		{74D261E3-903C-4928-82FF-02ED071C44CD}.Debug|Any CPU.ActiveCfg = Debug|Any CPU
		{74D261E3-903C-4928-82FF-02ED071C44CD}.Debug|Any CPU.Build.0 = Debug|Any CPU
		{74D261E3-903C-4928-82FF-02ED071C44CD}.Release|Any CPU.ActiveCfg = Release|Any CPU
		{74D261E3-903C-4928-82FF-02ED071C44CD}.Release|Any CPU.Build.0 = Release|Any CPU
	EndGlobalSection
	GlobalSection(SolutionProperties) = preSolution
		HideSolutionNode = FALSE
	EndGlobalSection
	GlobalSection(ExtensibilityGlobals) = postSolution
		SolutionGuid = {DB5BB5F3-6494-4789-A85C-3966ECE738B6}
	EndGlobalSection
EndGlobal
